
Microsoft Visual Studio Solution File, Format Version 12.00
# Visual Studio Version 17
VisualStudioVersion = 17.5.33530.505
MinimumVisualStudioVersion = 10.0.40219.1
Project("{FAE04EC0-301F-11D3-BF4B-00C04F79EFBC}") = "EasyMenu.Api.Admin", "EasyMenu\EasyMenu.Api.Admin.csproj", "{313ADBA6-D54D-4765-985F-72EE6456B4EB}"
EndProject
Project("{FAE04EC0-301F-11D3-BF4B-00C04F79EFBC}") = "EasyMenu.Application", "EasyMenu.Application\EasyMenu.Application.csproj", "{B88F0189-0E0C-4339-9BB4-F520F607F160}"
EndProject
Project("{FAE04EC0-301F-11D3-BF4B-00C04F79EFBC}") = "EasyMenu.Tests", "EasyMenu.Tests\EasyMenu.Tests.csproj", "{C4C53666-3EA2-4179-A4A2-AF5A6BDEB66E}"
EndProject
Global
	GlobalSection(SolutionConfigurationPlatforms) = preSolution
		Debug|Any CPU = Debug|Any CPU
		Release|Any CPU = Release|Any CPU
	EndGlobalSection
	GlobalSection(ProjectConfigurationPlatforms) = postSolution
		{313ADBA6-D54D-4765-985F-72EE6456B4EB}.Debug|Any CPU.ActiveCfg = Debug|Any CPU
		{313ADBA6-D54D-4765-985F-72EE6456B4EB}.Debug|Any CPU.Build.0 = Debug|Any CPU
		{313ADBA6-D54D-4765-985F-72EE6456B4EB}.Release|Any CPU.ActiveCfg = Release|Any CPU
		{313ADBA6-D54D-4765-985F-72EE6456B4EB}.Release|Any CPU.Build.0 = Release|Any CPU
		{B88F0189-0E0C-4339-9BB4-F520F607F160}.Debug|Any CPU.ActiveCfg = Debug|Any CPU
		{B88F0189-0E0C-4339-9BB4-F520F607F160}.Debug|Any CPU.Build.0 = Debug|Any CPU
		{B88F0189-0E0C-4339-9BB4-F520F607F160}.Release|Any CPU.ActiveCfg = Release|Any CPU
		{B88F0189-0E0C-4339-9BB4-F520F607F160}.Release|Any CPU.Build.0 = Release|Any CPU
		{C4C53666-3EA2-4179-A4A2-AF5A6BDEB66E}.Debug|Any CPU.ActiveCfg = Debug|Any CPU
		{C4C53666-3EA2-4179-A4A2-AF5A6BDEB66E}.Debug|Any CPU.Build.0 = Debug|Any CPU
		{C4C53666-3EA2-4179-A4A2-AF5A6BDEB66E}.Release|Any CPU.ActiveCfg = Release|Any CPU
		{C4C53666-3EA2-4179-A4A2-AF5A6BDEB66E}.Release|Any CPU.Build.0 = Release|Any CPU
	EndGlobalSection
	GlobalSection(SolutionProperties) = preSolution
		HideSolutionNode = FALSE
	EndGlobalSection
	GlobalSection(ExtensibilityGlobals) = postSolution
		SolutionGuid = {E52BF464-C4C1-49FF-80E7-F4A51BD6FE9B}
	EndGlobalSection
EndGlobal
